// !$*UTF8*$!
{
	archiveVersion = 1;
	classes = {
	};
	objectVersion = 56;
	objects = {

/* Begin PBXBuildFile section */
		8D9092092A6ADBB30017B5F1 /* LionVPNApp.swift in Sources */ = {isa = PBXBuildFile; fileRef = 8D9092082A6ADBB30017B5F1 /* LionVPNApp.swift */; };
		8D90920D2A6ADBB40017B5F1 /* Assets.xcassets in Resources */ = {isa = PBXBuildFile; fileRef = 8D90920C2A6ADBB40017B5F1 /* Assets.xcassets */; };
		8D90921A2A6AEC080017B5F1 /* AppCoordinator.swift in Sources */ = {isa = PBXBuildFile; fileRef = 8D9092192A6AEC080017B5F1 /* AppCoordinator.swift */; };
		8D90921C2A6AEC280017B5F1 /* AppCoordinatorView.swift in Sources */ = {isa = PBXBuildFile; fileRef = 8D90921B2A6AEC280017B5F1 /* AppCoordinatorView.swift */; };
		8D90923B2A6AF8DC0017B5F1 /* OnboardingView.swift in Sources */ = {isa = PBXBuildFile; fileRef = 8D90923A2A6AF8DC0017B5F1 /* OnboardingView.swift */; };
		8D9092412A6AF9700017B5F1 /* OnboardingViewModel.swift in Sources */ = {isa = PBXBuildFile; fileRef = 8D9092402A6AF9700017B5F1 /* OnboardingViewModel.swift */; };
		8D9092432A6AFD100017B5F1 /* OnboardingCoordinator.swift in Sources */ = {isa = PBXBuildFile; fileRef = 8D9092422A6AFD100017B5F1 /* OnboardingCoordinator.swift */; };
		8D9092452A6AFD3A0017B5F1 /* OnboardingCoordinatorView.swift in Sources */ = {isa = PBXBuildFile; fileRef = 8D9092442A6AFD3A0017B5F1 /* OnboardingCoordinatorView.swift */; };
		8D9D16352A6B02300075E8D6 /* Preview Assets.xcassets in Resources */ = {isa = PBXBuildFile; fileRef = 8D9D16342A6B02300075E8D6 /* Preview Assets.xcassets */; };
		8D9D16392A6B83090075E8D6 /* AppDIContainer.swift in Sources */ = {isa = PBXBuildFile; fileRef = 8D9D16382A6B83090075E8D6 /* AppDIContainer.swift */; };
		8D9D163B2A6B83580075E8D6 /* OnboardingDIContainer.swift in Sources */ = {isa = PBXBuildFile; fileRef = 8D9D163A2A6B83580075E8D6 /* OnboardingDIContainer.swift */; };
		8D9D16412A6B89160075E8D6 /* OnboardingManager.swift in Sources */ = {isa = PBXBuildFile; fileRef = 8D9D16402A6B89160075E8D6 /* OnboardingManager.swift */; };
		8D9D16442A6B8A120075E8D6 /* CoordinatorFactory.swift in Sources */ = {isa = PBXBuildFile; fileRef = 8D9D16432A6B8A120075E8D6 /* CoordinatorFactory.swift */; };
		8D9D16462A6B8FFC0075E8D6 /* AuthManager.swift in Sources */ = {isa = PBXBuildFile; fileRef = 8D9D16452A6B8FFC0075E8D6 /* AuthManager.swift */; };
		8D9D16482A6B903F0075E8D6 /* ProfileManager.swift in Sources */ = {isa = PBXBuildFile; fileRef = 8D9D16472A6B903F0075E8D6 /* ProfileManager.swift */; };
		8D9D164A2A6B91E10075E8D6 /* SubscriptionManager.swift in Sources */ = {isa = PBXBuildFile; fileRef = 8D9D16492A6B91E10075E8D6 /* SubscriptionManager.swift */; };
		8D9D164C2A6B99EA0075E8D6 /* Repository.swift in Sources */ = {isa = PBXBuildFile; fileRef = 8D9D164B2A6B99EA0075E8D6 /* Repository.swift */; };
		8D9D164F2A6C7E680075E8D6 /* ManagerFactory.swift in Sources */ = {isa = PBXBuildFile; fileRef = 8D9D164E2A6C7E680075E8D6 /* ManagerFactory.swift */; };
		8D9D16512A6D55C90075E8D6 /* SceneFactory.swift in Sources */ = {isa = PBXBuildFile; fileRef = 8D9D16502A6D55C90075E8D6 /* SceneFactory.swift */; };
		8D9D16532A6DF0340075E8D6 /* DIContainerFactory.swift in Sources */ = {isa = PBXBuildFile; fileRef = 8D9D16522A6DF0340075E8D6 /* DIContainerFactory.swift */; };
		8D9D16552A6DFC910075E8D6 /* AuthDIContainer.swift in Sources */ = {isa = PBXBuildFile; fileRef = 8D9D16542A6DFC910075E8D6 /* AuthDIContainer.swift */; };
		8D9D16572A6DFD3D0075E8D6 /* MainDIContainer.swift in Sources */ = {isa = PBXBuildFile; fileRef = 8D9D16562A6DFD3D0075E8D6 /* MainDIContainer.swift */; };
		8D9D16592A6DFE680075E8D6 /* ProfileDIContainer.swift in Sources */ = {isa = PBXBuildFile; fileRef = 8D9D16582A6DFE680075E8D6 /* ProfileDIContainer.swift */; };
		8D9D165B2A6DFED90075E8D6 /* SubscriptionDIContainer.swift in Sources */ = {isa = PBXBuildFile; fileRef = 8D9D165A2A6DFED90075E8D6 /* SubscriptionDIContainer.swift */; };
		8D9D165D2A6DFF5A0075E8D6 /* PasswordDIContainer.swift in Sources */ = {isa = PBXBuildFile; fileRef = 8D9D165C2A6DFF5A0075E8D6 /* PasswordDIContainer.swift */; };
		8D9D165F2A6E04AF0075E8D6 /* ProfileViewModel.swift in Sources */ = {isa = PBXBuildFile; fileRef = 8D9D165E2A6E04AF0075E8D6 /* ProfileViewModel.swift */; };
		8D9D16612A6E05080075E8D6 /* SubscriptionViewModel.swift in Sources */ = {isa = PBXBuildFile; fileRef = 8D9D16602A6E05080075E8D6 /* SubscriptionViewModel.swift */; };
		8D9D16632A6E056E0075E8D6 /* MainViewModel.swift in Sources */ = {isa = PBXBuildFile; fileRef = 8D9D16622A6E056E0075E8D6 /* MainViewModel.swift */; };
		8D9D16672A6E060B0075E8D6 /* AuthViewModel.swift in Sources */ = {isa = PBXBuildFile; fileRef = 8D9D16662A6E060B0075E8D6 /* AuthViewModel.swift */; };
		8D9D16692A6E06480075E8D6 /* LoginViewModel.swift in Sources */ = {isa = PBXBuildFile; fileRef = 8D9D16682A6E06480075E8D6 /* LoginViewModel.swift */; };
		8D9D166B2A6E07220075E8D6 /* PasswordViewModel.swift in Sources */ = {isa = PBXBuildFile; fileRef = 8D9D166A2A6E07220075E8D6 /* PasswordViewModel.swift */; };
		8D9D166D2A6E8B3B0075E8D6 /* AuthView.swift in Sources */ = {isa = PBXBuildFile; fileRef = 8D9D166C2A6E8B3B0075E8D6 /* AuthView.swift */; };
		8D9D166F2A6E8B960075E8D6 /* LoginView.swift in Sources */ = {isa = PBXBuildFile; fileRef = 8D9D166E2A6E8B960075E8D6 /* LoginView.swift */; };
		8D9D16712A6E8C370075E8D6 /* MainView.swift in Sources */ = {isa = PBXBuildFile; fileRef = 8D9D16702A6E8C370075E8D6 /* MainView.swift */; };
		8D9D16732A6E8D750075E8D6 /* ProfileView.swift in Sources */ = {isa = PBXBuildFile; fileRef = 8D9D16722A6E8D750075E8D6 /* ProfileView.swift */; };
		8D9D16752A6E8F740075E8D6 /* SubscriptionView.swift in Sources */ = {isa = PBXBuildFile; fileRef = 8D9D16742A6E8F740075E8D6 /* SubscriptionView.swift */; };
		8D9D16772A6E8F9F0075E8D6 /* PasswordView.swift in Sources */ = {isa = PBXBuildFile; fileRef = 8D9D16762A6E8F9F0075E8D6 /* PasswordView.swift */; };
		8D9D16792A6EC0D40075E8D6 /* AuthCoordinatorView.swift in Sources */ = {isa = PBXBuildFile; fileRef = 8D9D16782A6EC0D40075E8D6 /* AuthCoordinatorView.swift */; };
		8D9D167B2A6EC0F20075E8D6 /* AuthCoordinator.swift in Sources */ = {isa = PBXBuildFile; fileRef = 8D9D167A2A6EC0F20075E8D6 /* AuthCoordinator.swift */; };
		8D9D167D2A6EC1160075E8D6 /* MainCoordinatorView.swift in Sources */ = {isa = PBXBuildFile; fileRef = 8D9D167C2A6EC1160075E8D6 /* MainCoordinatorView.swift */; };
		8D9D167F2A6EC12B0075E8D6 /* MainCoordinator.swift in Sources */ = {isa = PBXBuildFile; fileRef = 8D9D167E2A6EC12B0075E8D6 /* MainCoordinator.swift */; };
		8D9D16812A6EC1570075E8D6 /* ProfileCoordinatorView.swift in Sources */ = {isa = PBXBuildFile; fileRef = 8D9D16802A6EC1570075E8D6 /* ProfileCoordinatorView.swift */; };
		8D9D16832A6EC16F0075E8D6 /* ProfileCoordinator.swift in Sources */ = {isa = PBXBuildFile; fileRef = 8D9D16822A6EC16F0075E8D6 /* ProfileCoordinator.swift */; };
		8D9D16852A6EC5BE0075E8D6 /* SubscriptionCoordinator.swift in Sources */ = {isa = PBXBuildFile; fileRef = 8D9D16842A6EC5BE0075E8D6 /* SubscriptionCoordinator.swift */; };
		8D9D16872A6EC6810075E8D6 /* SubscriptionCoordinatorView.swift in Sources */ = {isa = PBXBuildFile; fileRef = 8D9D16862A6EC6810075E8D6 /* SubscriptionCoordinatorView.swift */; };
		8D9D16892A6EC6BB0075E8D6 /* PasswordCoordinator.swift in Sources */ = {isa = PBXBuildFile; fileRef = 8D9D16882A6EC6BB0075E8D6 /* PasswordCoordinator.swift */; };
		8D9D168B2A6EC71F0075E8D6 /* PasswordCoordinatorView.swift in Sources */ = {isa = PBXBuildFile; fileRef = 8D9D168A2A6EC71F0075E8D6 /* PasswordCoordinatorView.swift */; };
/* End PBXBuildFile section */

/* Begin PBXFileReference section */
		8D9092052A6ADBB30017B5F1 /* LionVPN.app */ = {isa = PBXFileReference; explicitFileType = wrapper.application; includeInIndex = 0; path = LionVPN.app; sourceTree = BUILT_PRODUCTS_DIR; };
		8D9092082A6ADBB30017B5F1 /* LionVPNApp.swift */ = {isa = PBXFileReference; lastKnownFileType = sourcecode.swift; path = LionVPNApp.swift; sourceTree = "<group>"; };
		8D90920C2A6ADBB40017B5F1 /* Assets.xcassets */ = {isa = PBXFileReference; lastKnownFileType = folder.assetcatalog; path = Assets.xcassets; sourceTree = "<group>"; };
		8D9092192A6AEC080017B5F1 /* AppCoordinator.swift */ = {isa = PBXFileReference; lastKnownFileType = sourcecode.swift; path = AppCoordinator.swift; sourceTree = "<group>"; };
		8D90921B2A6AEC280017B5F1 /* AppCoordinatorView.swift */ = {isa = PBXFileReference; lastKnownFileType = sourcecode.swift; path = AppCoordinatorView.swift; sourceTree = "<group>"; };
		8D90923A2A6AF8DC0017B5F1 /* OnboardingView.swift */ = {isa = PBXFileReference; lastKnownFileType = sourcecode.swift; path = OnboardingView.swift; sourceTree = "<group>"; };
		8D9092402A6AF9700017B5F1 /* OnboardingViewModel.swift */ = {isa = PBXFileReference; lastKnownFileType = sourcecode.swift; path = OnboardingViewModel.swift; sourceTree = "<group>"; };
		8D9092422A6AFD100017B5F1 /* OnboardingCoordinator.swift */ = {isa = PBXFileReference; lastKnownFileType = sourcecode.swift; path = OnboardingCoordinator.swift; sourceTree = "<group>"; };
		8D9092442A6AFD3A0017B5F1 /* OnboardingCoordinatorView.swift */ = {isa = PBXFileReference; lastKnownFileType = sourcecode.swift; path = OnboardingCoordinatorView.swift; sourceTree = "<group>"; };
		8D9D16342A6B02300075E8D6 /* Preview Assets.xcassets */ = {isa = PBXFileReference; lastKnownFileType = folder.assetcatalog; path = "Preview Assets.xcassets"; sourceTree = "<group>"; };
		8D9D16382A6B83090075E8D6 /* AppDIContainer.swift */ = {isa = PBXFileReference; lastKnownFileType = sourcecode.swift; path = AppDIContainer.swift; sourceTree = "<group>"; };
		8D9D163A2A6B83580075E8D6 /* OnboardingDIContainer.swift */ = {isa = PBXFileReference; lastKnownFileType = sourcecode.swift; path = OnboardingDIContainer.swift; sourceTree = "<group>"; };
		8D9D16402A6B89160075E8D6 /* OnboardingManager.swift */ = {isa = PBXFileReference; lastKnownFileType = sourcecode.swift; path = OnboardingManager.swift; sourceTree = "<group>"; };
		8D9D16432A6B8A120075E8D6 /* CoordinatorFactory.swift */ = {isa = PBXFileReference; lastKnownFileType = sourcecode.swift; path = CoordinatorFactory.swift; sourceTree = "<group>"; };
		8D9D16452A6B8FFC0075E8D6 /* AuthManager.swift */ = {isa = PBXFileReference; lastKnownFileType = sourcecode.swift; path = AuthManager.swift; sourceTree = "<group>"; };
		8D9D16472A6B903F0075E8D6 /* ProfileManager.swift */ = {isa = PBXFileReference; lastKnownFileType = sourcecode.swift; path = ProfileManager.swift; sourceTree = "<group>"; };
		8D9D16492A6B91E10075E8D6 /* SubscriptionManager.swift */ = {isa = PBXFileReference; lastKnownFileType = sourcecode.swift; path = SubscriptionManager.swift; sourceTree = "<group>"; };
		8D9D164B2A6B99EA0075E8D6 /* Repository.swift */ = {isa = PBXFileReference; lastKnownFileType = sourcecode.swift; path = Repository.swift; sourceTree = "<group>"; };
		8D9D164E2A6C7E680075E8D6 /* ManagerFactory.swift */ = {isa = PBXFileReference; lastKnownFileType = sourcecode.swift; path = ManagerFactory.swift; sourceTree = "<group>"; };
		8D9D16502A6D55C90075E8D6 /* SceneFactory.swift */ = {isa = PBXFileReference; lastKnownFileType = sourcecode.swift; path = SceneFactory.swift; sourceTree = "<group>"; };
		8D9D16522A6DF0340075E8D6 /* DIContainerFactory.swift */ = {isa = PBXFileReference; lastKnownFileType = sourcecode.swift; path = DIContainerFactory.swift; sourceTree = "<group>"; };
		8D9D16542A6DFC910075E8D6 /* AuthDIContainer.swift */ = {isa = PBXFileReference; lastKnownFileType = sourcecode.swift; path = AuthDIContainer.swift; sourceTree = "<group>"; };
		8D9D16562A6DFD3D0075E8D6 /* MainDIContainer.swift */ = {isa = PBXFileReference; lastKnownFileType = sourcecode.swift; path = MainDIContainer.swift; sourceTree = "<group>"; };
		8D9D16582A6DFE680075E8D6 /* ProfileDIContainer.swift */ = {isa = PBXFileReference; lastKnownFileType = sourcecode.swift; path = ProfileDIContainer.swift; sourceTree = "<group>"; };
		8D9D165A2A6DFED90075E8D6 /* SubscriptionDIContainer.swift */ = {isa = PBXFileReference; lastKnownFileType = sourcecode.swift; path = SubscriptionDIContainer.swift; sourceTree = "<group>"; };
		8D9D165C2A6DFF5A0075E8D6 /* PasswordDIContainer.swift */ = {isa = PBXFileReference; lastKnownFileType = sourcecode.swift; path = PasswordDIContainer.swift; sourceTree = "<group>"; };
		8D9D165E2A6E04AF0075E8D6 /* ProfileViewModel.swift */ = {isa = PBXFileReference; lastKnownFileType = sourcecode.swift; path = ProfileViewModel.swift; sourceTree = "<group>"; };
		8D9D16602A6E05080075E8D6 /* SubscriptionViewModel.swift */ = {isa = PBXFileReference; lastKnownFileType = sourcecode.swift; path = SubscriptionViewModel.swift; sourceTree = "<group>"; };
		8D9D16622A6E056E0075E8D6 /* MainViewModel.swift */ = {isa = PBXFileReference; lastKnownFileType = sourcecode.swift; path = MainViewModel.swift; sourceTree = "<group>"; };
		8D9D16662A6E060B0075E8D6 /* AuthViewModel.swift */ = {isa = PBXFileReference; lastKnownFileType = sourcecode.swift; path = AuthViewModel.swift; sourceTree = "<group>"; };
		8D9D16682A6E06480075E8D6 /* LoginViewModel.swift */ = {isa = PBXFileReference; lastKnownFileType = sourcecode.swift; path = LoginViewModel.swift; sourceTree = "<group>"; };
		8D9D166A2A6E07220075E8D6 /* PasswordViewModel.swift */ = {isa = PBXFileReference; lastKnownFileType = sourcecode.swift; path = PasswordViewModel.swift; sourceTree = "<group>"; };
		8D9D166C2A6E8B3B0075E8D6 /* AuthView.swift */ = {isa = PBXFileReference; lastKnownFileType = sourcecode.swift; path = AuthView.swift; sourceTree = "<group>"; };
		8D9D166E2A6E8B960075E8D6 /* LoginView.swift */ = {isa = PBXFileReference; lastKnownFileType = sourcecode.swift; path = LoginView.swift; sourceTree = "<group>"; };
		8D9D16702A6E8C370075E8D6 /* MainView.swift */ = {isa = PBXFileReference; lastKnownFileType = sourcecode.swift; path = MainView.swift; sourceTree = "<group>"; };
		8D9D16722A6E8D750075E8D6 /* ProfileView.swift */ = {isa = PBXFileReference; lastKnownFileType = sourcecode.swift; path = ProfileView.swift; sourceTree = "<group>"; };
		8D9D16742A6E8F740075E8D6 /* SubscriptionView.swift */ = {isa = PBXFileReference; lastKnownFileType = sourcecode.swift; path = SubscriptionView.swift; sourceTree = "<group>"; };
		8D9D16762A6E8F9F0075E8D6 /* PasswordView.swift */ = {isa = PBXFileReference; lastKnownFileType = sourcecode.swift; path = PasswordView.swift; sourceTree = "<group>"; };
		8D9D16782A6EC0D40075E8D6 /* AuthCoordinatorView.swift */ = {isa = PBXFileReference; lastKnownFileType = sourcecode.swift; path = AuthCoordinatorView.swift; sourceTree = "<group>"; };
		8D9D167A2A6EC0F20075E8D6 /* AuthCoordinator.swift */ = {isa = PBXFileReference; lastKnownFileType = sourcecode.swift; path = AuthCoordinator.swift; sourceTree = "<group>"; };
		8D9D167C2A6EC1160075E8D6 /* MainCoordinatorView.swift */ = {isa = PBXFileReference; lastKnownFileType = sourcecode.swift; path = MainCoordinatorView.swift; sourceTree = "<group>"; };
		8D9D167E2A6EC12B0075E8D6 /* MainCoordinator.swift */ = {isa = PBXFileReference; lastKnownFileType = sourcecode.swift; path = MainCoordinator.swift; sourceTree = "<group>"; };
		8D9D16802A6EC1570075E8D6 /* ProfileCoordinatorView.swift */ = {isa = PBXFileReference; lastKnownFileType = sourcecode.swift; path = ProfileCoordinatorView.swift; sourceTree = "<group>"; };
		8D9D16822A6EC16F0075E8D6 /* ProfileCoordinator.swift */ = {isa = PBXFileReference; lastKnownFileType = sourcecode.swift; path = ProfileCoordinator.swift; sourceTree = "<group>"; };
		8D9D16842A6EC5BE0075E8D6 /* SubscriptionCoordinator.swift */ = {isa = PBXFileReference; lastKnownFileType = sourcecode.swift; path = SubscriptionCoordinator.swift; sourceTree = "<group>"; };
		8D9D16862A6EC6810075E8D6 /* SubscriptionCoordinatorView.swift */ = {isa = PBXFileReference; lastKnownFileType = sourcecode.swift; path = SubscriptionCoordinatorView.swift; sourceTree = "<group>"; };
		8D9D16882A6EC6BB0075E8D6 /* PasswordCoordinator.swift */ = {isa = PBXFileReference; lastKnownFileType = sourcecode.swift; path = PasswordCoordinator.swift; sourceTree = "<group>"; };
		8D9D168A2A6EC71F0075E8D6 /* PasswordCoordinatorView.swift */ = {isa = PBXFileReference; lastKnownFileType = sourcecode.swift; path = PasswordCoordinatorView.swift; sourceTree = "<group>"; };
/* End PBXFileReference section */

/* Begin PBXFrameworksBuildPhase section */
		8D9092022A6ADBB30017B5F1 /* Frameworks */ = {
			isa = PBXFrameworksBuildPhase;
			buildActionMask = 2147483647;
			files = (
			);
			runOnlyForDeploymentPostprocessing = 0;
		};
/* End PBXFrameworksBuildPhase section */

/* Begin PBXGroup section */
		8D9091FC2A6ADBB30017B5F1 = {
			isa = PBXGroup;
			children = (
				8D9092072A6ADBB30017B5F1 /* LionVPN */,
				8D9092062A6ADBB30017B5F1 /* Products */,
			);
			sourceTree = "<group>";
		};
		8D9092062A6ADBB30017B5F1 /* Products */ = {
			isa = PBXGroup;
			children = (
				8D9092052A6ADBB30017B5F1 /* LionVPN.app */,
			);
			name = Products;
			sourceTree = "<group>";
		};
		8D9092072A6ADBB30017B5F1 /* LionVPN */ = {
			isa = PBXGroup;
			children = (
				8D9092162A6AEBDE0017B5F1 /* Application */,
				8D90921F2A6AF03C0017B5F1 /* Core */,
				8D90921E2A6AEF8A0017B5F1 /* Flows */,
			);
			path = LionVPN;
			sourceTree = "<group>";
		};
		8D9092162A6AEBDE0017B5F1 /* Application */ = {
			isa = PBXGroup;
			children = (
				8D9092082A6ADBB30017B5F1 /* LionVPNApp.swift */,
				8D90921B2A6AEC280017B5F1 /* AppCoordinatorView.swift */,
				8D9092192A6AEC080017B5F1 /* AppCoordinator.swift */,
				8D9D16382A6B83090075E8D6 /* AppDIContainer.swift */,
				8D90921D2A6AEF090017B5F1 /* Resoorces */,
				8D9D16332A6B01FA0075E8D6 /* Preview Content1 */,
			);
			path = Application;
			sourceTree = "<group>";
		};
		8D90921D2A6AEF090017B5F1 /* Resoorces */ = {
			isa = PBXGroup;
			children = (
				8D90920C2A6ADBB40017B5F1 /* Assets.xcassets */,
			);
			path = Resoorces;
			sourceTree = "<group>";
		};
		8D90921E2A6AEF8A0017B5F1 /* Flows */ = {
			isa = PBXGroup;
			children = (
				8D9092202A6AF1540017B5F1 /* Onboarding */,
				8D9092212A6AF17F0017B5F1 /* Auth */,
				8D9092222A6AF1A60017B5F1 /* Main */,
				8D9092232A6AF1C70017B5F1 /* Profile */,
				8D9092252A6AF2590017B5F1 /* Subscription */,
				8D9092242A6AF1EA0017B5F1 /* Password */,
			);
			path = Flows;
			sourceTree = "<group>";
		};
		8D90921F2A6AF03C0017B5F1 /* Core */ = {
			isa = PBXGroup;
			children = (
				8D9D164D2A6C7E550075E8D6 /* Factory */,
				8D9D163F2A6B883A0075E8D6 /* Repository */,
			);
			path = Core;
			sourceTree = "<group>";
		};
		8D9092202A6AF1540017B5F1 /* Onboarding */ = {
			isa = PBXGroup;
			children = (
				8D9092282A6AF3BA0017B5F1 /* PresentationLayer */,
				8D9092292A6AF3E10017B5F1 /* DomainLayer */,
				8D90922A2A6AF3EC0017B5F1 /* DataLayer */,
			);
			path = Onboarding;
			sourceTree = "<group>";
		};
		8D9092212A6AF17F0017B5F1 /* Auth */ = {
			isa = PBXGroup;
			children = (
				8D90922B2A6AF4140017B5F1 /* PresentationLayer */,
				8D90922C2A6AF47F0017B5F1 /* DomainLayer */,
				8D90922D2A6AF48A0017B5F1 /* DataLayer */,
			);
			path = Auth;
			sourceTree = "<group>";
		};
		8D9092222A6AF1A60017B5F1 /* Main */ = {
			isa = PBXGroup;
			children = (
				8D90922E2A6AF4BB0017B5F1 /* PresentationLayer */,
				8D90922F2A6AF4DE0017B5F1 /* DomainLayer */,
				8D9092302A6AF4F00017B5F1 /* DataLayer */,
			);
			path = Main;
			sourceTree = "<group>";
		};
		8D9092232A6AF1C70017B5F1 /* Profile */ = {
			isa = PBXGroup;
			children = (
				8D9092312A6AF5100017B5F1 /* PresentationLayer */,
				8D9092322A6AF5240017B5F1 /* DomainLayer */,
				8D9092332A6AF5320017B5F1 /* DataLayer */,
			);
			path = Profile;
			sourceTree = "<group>";
		};
		8D9092242A6AF1EA0017B5F1 /* Password */ = {
			isa = PBXGroup;
			children = (
				8D9092372A6AF59A0017B5F1 /* PresentationLayer */,
				8D9092382A6AF5A80017B5F1 /* DomainLayer */,
				8D9092392A6AF5BB0017B5F1 /* DataLayer */,
			);
			path = Password;
			sourceTree = "<group>";
		};
		8D9092252A6AF2590017B5F1 /* Subscription */ = {
			isa = PBXGroup;
			children = (
				8D9092342A6AF55E0017B5F1 /* PresentationLayer */,
				8D9092352A6AF5720017B5F1 /* DomainLayer */,
				8D9092362A6AF5800017B5F1 /* DataLayer */,
			);
			path = Subscription;
			sourceTree = "<group>";
		};
		8D9092262A6AF3480017B5F1 /* SubViews */ = {
			isa = PBXGroup;
			children = (
			);
			path = SubViews;
			sourceTree = "<group>";
		};
		8D9092282A6AF3BA0017B5F1 /* PresentationLayer */ = {
			isa = PBXGroup;
			children = (
				8D90923A2A6AF8DC0017B5F1 /* OnboardingView.swift */,
				8D9092402A6AF9700017B5F1 /* OnboardingViewModel.swift */,
			);
			path = PresentationLayer;
			sourceTree = "<group>";
		};
		8D9092292A6AF3E10017B5F1 /* DomainLayer */ = {
			isa = PBXGroup;
			children = (
				8D9092442A6AFD3A0017B5F1 /* OnboardingCoordinatorView.swift */,
				8D9092422A6AFD100017B5F1 /* OnboardingCoordinator.swift */,
			);
			path = DomainLayer;
			sourceTree = "<group>";
		};
		8D90922A2A6AF3EC0017B5F1 /* DataLayer */ = {
			isa = PBXGroup;
			children = (
				8D9D163A2A6B83580075E8D6 /* OnboardingDIContainer.swift */,
				8D9D16402A6B89160075E8D6 /* OnboardingManager.swift */,
			);
			path = DataLayer;
			sourceTree = "<group>";
		};
		8D90922B2A6AF4140017B5F1 /* PresentationLayer */ = {
			isa = PBXGroup;
			children = (
				8D9D16642A6E05970075E8D6 /* Auth */,
				8D9D16652A6E05AE0075E8D6 /* Login */,
			);
			path = PresentationLayer;
			sourceTree = "<group>";
		};
		8D90922C2A6AF47F0017B5F1 /* DomainLayer */ = {
			isa = PBXGroup;
			children = (
				8D9D16782A6EC0D40075E8D6 /* AuthCoordinatorView.swift */,
				8D9D167A2A6EC0F20075E8D6 /* AuthCoordinator.swift */,
			);
			path = DomainLayer;
			sourceTree = "<group>";
		};
		8D90922D2A6AF48A0017B5F1 /* DataLayer */ = {
			isa = PBXGroup;
			children = (
				8D9D16452A6B8FFC0075E8D6 /* AuthManager.swift */,
				8D9D16542A6DFC910075E8D6 /* AuthDIContainer.swift */,
			);
			path = DataLayer;
			sourceTree = "<group>";
		};
		8D90922E2A6AF4BB0017B5F1 /* PresentationLayer */ = {
			isa = PBXGroup;
			children = (
				8D9D16702A6E8C370075E8D6 /* MainView.swift */,
				8D9D16622A6E056E0075E8D6 /* MainViewModel.swift */,
			);
			path = PresentationLayer;
			sourceTree = "<group>";
		};
		8D90922F2A6AF4DE0017B5F1 /* DomainLayer */ = {
			isa = PBXGroup;
			children = (
				8D9D167C2A6EC1160075E8D6 /* MainCoordinatorView.swift */,
				8D9D167E2A6EC12B0075E8D6 /* MainCoordinator.swift */,
			);
			path = DomainLayer;
			sourceTree = "<group>";
		};
		8D9092302A6AF4F00017B5F1 /* DataLayer */ = {
			isa = PBXGroup;
			children = (
				8D9D16562A6DFD3D0075E8D6 /* MainDIContainer.swift */,
			);
			path = DataLayer;
			sourceTree = "<group>";
		};
		8D9092312A6AF5100017B5F1 /* PresentationLayer */ = {
			isa = PBXGroup;
			children = (
				8D9D16722A6E8D750075E8D6 /* ProfileView.swift */,
				8D9D165E2A6E04AF0075E8D6 /* ProfileViewModel.swift */,
			);
			path = PresentationLayer;
			sourceTree = "<group>";
		};
		8D9092322A6AF5240017B5F1 /* DomainLayer */ = {
			isa = PBXGroup;
			children = (
				8D9D16802A6EC1570075E8D6 /* ProfileCoordinatorView.swift */,
				8D9D16822A6EC16F0075E8D6 /* ProfileCoordinator.swift */,
			);
			path = DomainLayer;
			sourceTree = "<group>";
		};
		8D9092332A6AF5320017B5F1 /* DataLayer */ = {
			isa = PBXGroup;
			children = (
				8D9D16472A6B903F0075E8D6 /* ProfileManager.swift */,
				8D9D16582A6DFE680075E8D6 /* ProfileDIContainer.swift */,
			);
			path = DataLayer;
			sourceTree = "<group>";
		};
		8D9092342A6AF55E0017B5F1 /* PresentationLayer */ = {
			isa = PBXGroup;
			children = (
				8D9D16742A6E8F740075E8D6 /* SubscriptionView.swift */,
				8D9D16602A6E05080075E8D6 /* SubscriptionViewModel.swift */,
			);
			path = PresentationLayer;
			sourceTree = "<group>";
		};
		8D9092352A6AF5720017B5F1 /* DomainLayer */ = {
			isa = PBXGroup;
			children = (
				8D9D16862A6EC6810075E8D6 /* SubscriptionCoordinatorView.swift */,
				8D9D16842A6EC5BE0075E8D6 /* SubscriptionCoordinator.swift */,
			);
			path = DomainLayer;
			sourceTree = "<group>";
		};
		8D9092362A6AF5800017B5F1 /* DataLayer */ = {
			isa = PBXGroup;
			children = (
				8D9D16492A6B91E10075E8D6 /* SubscriptionManager.swift */,
				8D9D165A2A6DFED90075E8D6 /* SubscriptionDIContainer.swift */,
			);
			path = DataLayer;
			sourceTree = "<group>";
		};
		8D9092372A6AF59A0017B5F1 /* PresentationLayer */ = {
			isa = PBXGroup;
			children = (
				8D9D16762A6E8F9F0075E8D6 /* PasswordView.swift */,
				8D9D166A2A6E07220075E8D6 /* PasswordViewModel.swift */,
			);
			path = PresentationLayer;
			sourceTree = "<group>";
		};
		8D9092382A6AF5A80017B5F1 /* DomainLayer */ = {
			isa = PBXGroup;
			children = (
				8D9D168A2A6EC71F0075E8D6 /* PasswordCoordinatorView.swift */,
				8D9D16882A6EC6BB0075E8D6 /* PasswordCoordinator.swift */,
			);
			path = DomainLayer;
			sourceTree = "<group>";
		};
		8D9092392A6AF5BB0017B5F1 /* DataLayer */ = {
			isa = PBXGroup;
			children = (
				8D9D165C2A6DFF5A0075E8D6 /* PasswordDIContainer.swift */,
			);
			path = DataLayer;
			sourceTree = "<group>";
		};
		8D9D16332A6B01FA0075E8D6 /* Preview Content1 */ = {
			isa = PBXGroup;
			children = (
				8D9D16342A6B02300075E8D6 /* Preview Assets.xcassets */,
			);
			path = "Preview Content1";
			sourceTree = "<group>";
		};
		8D9D163F2A6B883A0075E8D6 /* Repository */ = {
			isa = PBXGroup;
			children = (
				8D9D164B2A6B99EA0075E8D6 /* Repository.swift */,
				8D9092262A6AF3480017B5F1 /* SubViews */,
			);
			path = Repository;
			sourceTree = "<group>";
		};
		8D9D164D2A6C7E550075E8D6 /* Factory */ = {
			isa = PBXGroup;
			children = (
				8D9D16502A6D55C90075E8D6 /* SceneFactory.swift */,
				8D9D16432A6B8A120075E8D6 /* CoordinatorFactory.swift */,
				8D9D164E2A6C7E680075E8D6 /* ManagerFactory.swift */,
				8D9D16522A6DF0340075E8D6 /* DIContainerFactory.swift */,
			);
			path = Factory;
			sourceTree = "<group>";
		};
		8D9D16642A6E05970075E8D6 /* Auth */ = {
			isa = PBXGroup;
			children = (
				8D9D166C2A6E8B3B0075E8D6 /* AuthView.swift */,
				8D9D16662A6E060B0075E8D6 /* AuthViewModel.swift */,
			);
			path = Auth;
			sourceTree = "<group>";
		};
		8D9D16652A6E05AE0075E8D6 /* Login */ = {
			isa = PBXGroup;
			children = (
				8D9D166E2A6E8B960075E8D6 /* LoginView.swift */,
				8D9D16682A6E06480075E8D6 /* LoginViewModel.swift */,
			);
			path = Login;
			sourceTree = "<group>";
		};
/* End PBXGroup section */

/* Begin PBXNativeTarget section */
		8D9092042A6ADBB30017B5F1 /* LionVPN */ = {
			isa = PBXNativeTarget;
			buildConfigurationList = 8D9092132A6ADBB40017B5F1 /* Build configuration list for PBXNativeTarget "LionVPN" */;
			buildPhases = (
				8D9092012A6ADBB30017B5F1 /* Sources */,
				8D9092022A6ADBB30017B5F1 /* Frameworks */,
				8D9092032A6ADBB30017B5F1 /* Resources */,
			);
			buildRules = (
			);
			dependencies = (
			);
			name = LionVPN;
			productName = LionVPN;
			productReference = 8D9092052A6ADBB30017B5F1 /* LionVPN.app */;
			productType = "com.apple.product-type.application";
		};
/* End PBXNativeTarget section */

/* Begin PBXProject section */
		8D9091FD2A6ADBB30017B5F1 /* Project object */ = {
			isa = PBXProject;
			attributes = {
				BuildIndependentTargetsInParallel = 1;
				LastSwiftUpdateCheck = 1420;
				LastUpgradeCheck = 1420;
				TargetAttributes = {
					8D9092042A6ADBB30017B5F1 = {
						CreatedOnToolsVersion = 14.2;
					};
				};
			};
			buildConfigurationList = 8D9092002A6ADBB30017B5F1 /* Build configuration list for PBXProject "LionVPN" */;
			compatibilityVersion = "Xcode 14.0";
			developmentRegion = en;
			hasScannedForEncodings = 0;
			knownRegions = (
				en,
				Base,
			);
			mainGroup = 8D9091FC2A6ADBB30017B5F1;
			productRefGroup = 8D9092062A6ADBB30017B5F1 /* Products */;
			projectDirPath = "";
			projectRoot = "";
			targets = (
				8D9092042A6ADBB30017B5F1 /* LionVPN */,
			);
		};
/* End PBXProject section */

/* Begin PBXResourcesBuildPhase section */
		8D9092032A6ADBB30017B5F1 /* Resources */ = {
			isa = PBXResourcesBuildPhase;
			buildActionMask = 2147483647;
			files = (
				8D9D16352A6B02300075E8D6 /* Preview Assets.xcassets in Resources */,
				8D90920D2A6ADBB40017B5F1 /* Assets.xcassets in Resources */,
			);
			runOnlyForDeploymentPostprocessing = 0;
		};
/* End PBXResourcesBuildPhase section */

/* Begin PBXSourcesBuildPhase section */
		8D9092012A6ADBB30017B5F1 /* Sources */ = {
			isa = PBXSourcesBuildPhase;
			buildActionMask = 2147483647;
			files = (
				8D9D16392A6B83090075E8D6 /* AppDIContainer.swift in Sources */,
				8D9D16572A6DFD3D0075E8D6 /* MainDIContainer.swift in Sources */,
				8D9D16412A6B89160075E8D6 /* OnboardingManager.swift in Sources */,
				8D9D16752A6E8F740075E8D6 /* SubscriptionView.swift in Sources */,
				8D9D165B2A6DFED90075E8D6 /* SubscriptionDIContainer.swift in Sources */,
				8D90921A2A6AEC080017B5F1 /* AppCoordinator.swift in Sources */,
				8D9D16632A6E056E0075E8D6 /* MainViewModel.swift in Sources */,
				8D9D16532A6DF0340075E8D6 /* DIContainerFactory.swift in Sources */,
				8D9D16832A6EC16F0075E8D6 /* ProfileCoordinator.swift in Sources */,
				8D9D165F2A6E04AF0075E8D6 /* ProfileViewModel.swift in Sources */,
				8D9092092A6ADBB30017B5F1 /* LionVPNApp.swift in Sources */,
				8D9D167F2A6EC12B0075E8D6 /* MainCoordinator.swift in Sources */,
				8D9D16712A6E8C370075E8D6 /* MainView.swift in Sources */,
				8D9D166B2A6E07220075E8D6 /* PasswordViewModel.swift in Sources */,
				8D90923B2A6AF8DC0017B5F1 /* OnboardingView.swift in Sources */,
				8D9092432A6AFD100017B5F1 /* OnboardingCoordinator.swift in Sources */,
				8D9D16812A6EC1570075E8D6 /* ProfileCoordinatorView.swift in Sources */,
				8D9D16462A6B8FFC0075E8D6 /* AuthManager.swift in Sources */,
				8D9D16772A6E8F9F0075E8D6 /* PasswordView.swift in Sources */,
				8D9D16442A6B8A120075E8D6 /* CoordinatorFactory.swift in Sources */,
				8D9D16792A6EC0D40075E8D6 /* AuthCoordinatorView.swift in Sources */,
				8D9D167B2A6EC0F20075E8D6 /* AuthCoordinator.swift in Sources */,
				8D9D16592A6DFE680075E8D6 /* ProfileDIContainer.swift in Sources */,
				8D9D168B2A6EC71F0075E8D6 /* PasswordCoordinatorView.swift in Sources */,
				8D9D16872A6EC6810075E8D6 /* SubscriptionCoordinatorView.swift in Sources */,
				8D9D164C2A6B99EA0075E8D6 /* Repository.swift in Sources */,
				8D9092412A6AF9700017B5F1 /* OnboardingViewModel.swift in Sources */,
				8D9D165D2A6DFF5A0075E8D6 /* PasswordDIContainer.swift in Sources */,
				8D9D16672A6E060B0075E8D6 /* AuthViewModel.swift in Sources */,
				8D9D16482A6B903F0075E8D6 /* ProfileManager.swift in Sources */,
				8D9D16612A6E05080075E8D6 /* SubscriptionViewModel.swift in Sources */,
				8D9D16692A6E06480075E8D6 /* LoginViewModel.swift in Sources */,
				8D9D16892A6EC6BB0075E8D6 /* PasswordCoordinator.swift in Sources */,
				8D9D166F2A6E8B960075E8D6 /* LoginView.swift in Sources */,
				8D9092452A6AFD3A0017B5F1 /* OnboardingCoordinatorView.swift in Sources */,
				8D9D16552A6DFC910075E8D6 /* AuthDIContainer.swift in Sources */,
				8D9D16512A6D55C90075E8D6 /* SceneFactory.swift in Sources */,
				8D9D164A2A6B91E10075E8D6 /* SubscriptionManager.swift in Sources */,
				8D9D166D2A6E8B3B0075E8D6 /* AuthView.swift in Sources */,
				8D9D163B2A6B83580075E8D6 /* OnboardingDIContainer.swift in Sources */,
				8D9D16852A6EC5BE0075E8D6 /* SubscriptionCoordinator.swift in Sources */,
				8D90921C2A6AEC280017B5F1 /* AppCoordinatorView.swift in Sources */,
				8D9D16732A6E8D750075E8D6 /* ProfileView.swift in Sources */,
				8D9D167D2A6EC1160075E8D6 /* MainCoordinatorView.swift in Sources */,
				8D9D164F2A6C7E680075E8D6 /* ManagerFactory.swift in Sources */,
			);
			runOnlyForDeploymentPostprocessing = 0;
		};
/* End PBXSourcesBuildPhase section */

/* Begin XCBuildConfiguration section */
		8D9092112A6ADBB40017B5F1 /* Debug */ = {
			isa = XCBuildConfiguration;
			buildSettings = {
				ALWAYS_SEARCH_USER_PATHS = NO;
				CLANG_ANALYZER_NONNULL = YES;
				CLANG_ANALYZER_NUMBER_OBJECT_CONVERSION = YES_AGGRESSIVE;
				CLANG_CXX_LANGUAGE_STANDARD = "gnu++20";
				CLANG_ENABLE_MODULES = YES;
				CLANG_ENABLE_OBJC_ARC = YES;
				CLANG_ENABLE_OBJC_WEAK = YES;
				CLANG_WARN_BLOCK_CAPTURE_AUTORELEASING = YES;
				CLANG_WARN_BOOL_CONVERSION = YES;
				CLANG_WARN_COMMA = YES;
				CLANG_WARN_CONSTANT_CONVERSION = YES;
				CLANG_WARN_DEPRECATED_OBJC_IMPLEMENTATIONS = YES;
				CLANG_WARN_DIRECT_OBJC_ISA_USAGE = YES_ERROR;
				CLANG_WARN_DOCUMENTATION_COMMENTS = YES;
				CLANG_WARN_EMPTY_BODY = YES;
				CLANG_WARN_ENUM_CONVERSION = YES;
				CLANG_WARN_INFINITE_RECURSION = YES;
				CLANG_WARN_INT_CONVERSION = YES;
				CLANG_WARN_NON_LITERAL_NULL_CONVERSION = YES;
				CLANG_WARN_OBJC_IMPLICIT_RETAIN_SELF = YES;
				CLANG_WARN_OBJC_LITERAL_CONVERSION = YES;
				CLANG_WARN_OBJC_ROOT_CLASS = YES_ERROR;
				CLANG_WARN_QUOTED_INCLUDE_IN_FRAMEWORK_HEADER = YES;
				CLANG_WARN_RANGE_LOOP_ANALYSIS = YES;
				CLANG_WARN_STRICT_PROTOTYPES = YES;
				CLANG_WARN_SUSPICIOUS_MOVE = YES;
				CLANG_WARN_UNGUARDED_AVAILABILITY = YES_AGGRESSIVE;
				CLANG_WARN_UNREACHABLE_CODE = YES;
				CLANG_WARN__DUPLICATE_METHOD_MATCH = YES;
				COPY_PHASE_STRIP = NO;
				DEBUG_INFORMATION_FORMAT = dwarf;
				ENABLE_STRICT_OBJC_MSGSEND = YES;
				ENABLE_TESTABILITY = YES;
				GCC_C_LANGUAGE_STANDARD = gnu11;
				GCC_DYNAMIC_NO_PIC = NO;
				GCC_NO_COMMON_BLOCKS = YES;
				GCC_OPTIMIZATION_LEVEL = 0;
				GCC_PREPROCESSOR_DEFINITIONS = (
					"DEBUG=1",
					"$(inherited)",
				);
				GCC_WARN_64_TO_32_BIT_CONVERSION = YES;
				GCC_WARN_ABOUT_RETURN_TYPE = YES_ERROR;
				GCC_WARN_UNDECLARED_SELECTOR = YES;
				GCC_WARN_UNINITIALIZED_AUTOS = YES_AGGRESSIVE;
				GCC_WARN_UNUSED_FUNCTION = YES;
				GCC_WARN_UNUSED_VARIABLE = YES;
				IPHONEOS_DEPLOYMENT_TARGET = 16.2;
				MTL_ENABLE_DEBUG_INFO = INCLUDE_SOURCE;
				MTL_FAST_MATH = YES;
				ONLY_ACTIVE_ARCH = YES;
				SDKROOT = iphoneos;
				SWIFT_ACTIVE_COMPILATION_CONDITIONS = DEBUG;
				SWIFT_OPTIMIZATION_LEVEL = "-Onone";
			};
			name = Debug;
		};
		8D9092122A6ADBB40017B5F1 /* Release */ = {
			isa = XCBuildConfiguration;
			buildSettings = {
				ALWAYS_SEARCH_USER_PATHS = NO;
				CLANG_ANALYZER_NONNULL = YES;
				CLANG_ANALYZER_NUMBER_OBJECT_CONVERSION = YES_AGGRESSIVE;
				CLANG_CXX_LANGUAGE_STANDARD = "gnu++20";
				CLANG_ENABLE_MODULES = YES;
				CLANG_ENABLE_OBJC_ARC = YES;
				CLANG_ENABLE_OBJC_WEAK = YES;
				CLANG_WARN_BLOCK_CAPTURE_AUTORELEASING = YES;
				CLANG_WARN_BOOL_CONVERSION = YES;
				CLANG_WARN_COMMA = YES;
				CLANG_WARN_CONSTANT_CONVERSION = YES;
				CLANG_WARN_DEPRECATED_OBJC_IMPLEMENTATIONS = YES;
				CLANG_WARN_DIRECT_OBJC_ISA_USAGE = YES_ERROR;
				CLANG_WARN_DOCUMENTATION_COMMENTS = YES;
				CLANG_WARN_EMPTY_BODY = YES;
				CLANG_WARN_ENUM_CONVERSION = YES;
				CLANG_WARN_INFINITE_RECURSION = YES;
				CLANG_WARN_INT_CONVERSION = YES;
				CLANG_WARN_NON_LITERAL_NULL_CONVERSION = YES;
				CLANG_WARN_OBJC_IMPLICIT_RETAIN_SELF = YES;
				CLANG_WARN_OBJC_LITERAL_CONVERSION = YES;
				CLANG_WARN_OBJC_ROOT_CLASS = YES_ERROR;
				CLANG_WARN_QUOTED_INCLUDE_IN_FRAMEWORK_HEADER = YES;
				CLANG_WARN_RANGE_LOOP_ANALYSIS = YES;
				CLANG_WARN_STRICT_PROTOTYPES = YES;
				CLANG_WARN_SUSPICIOUS_MOVE = YES;
				CLANG_WARN_UNGUARDED_AVAILABILITY = YES_AGGRESSIVE;
				CLANG_WARN_UNREACHABLE_CODE = YES;
				CLANG_WARN__DUPLICATE_METHOD_MATCH = YES;
				COPY_PHASE_STRIP = NO;
				DEBUG_INFORMATION_FORMAT = "dwarf-with-dsym";
				ENABLE_NS_ASSERTIONS = NO;
				ENABLE_STRICT_OBJC_MSGSEND = YES;
				GCC_C_LANGUAGE_STANDARD = gnu11;
				GCC_NO_COMMON_BLOCKS = YES;
				GCC_WARN_64_TO_32_BIT_CONVERSION = YES;
				GCC_WARN_ABOUT_RETURN_TYPE = YES_ERROR;
				GCC_WARN_UNDECLARED_SELECTOR = YES;
				GCC_WARN_UNINITIALIZED_AUTOS = YES_AGGRESSIVE;
				GCC_WARN_UNUSED_FUNCTION = YES;
				GCC_WARN_UNUSED_VARIABLE = YES;
				IPHONEOS_DEPLOYMENT_TARGET = 16.2;
				MTL_ENABLE_DEBUG_INFO = NO;
				MTL_FAST_MATH = YES;
				SDKROOT = iphoneos;
				SWIFT_COMPILATION_MODE = wholemodule;
				SWIFT_OPTIMIZATION_LEVEL = "-O";
				VALIDATE_PRODUCT = YES;
			};
			name = Release;
		};
		8D9092142A6ADBB40017B5F1 /* Debug */ = {
			isa = XCBuildConfiguration;
			buildSettings = {
				ASSETCATALOG_COMPILER_APPICON_NAME = AppIcon;
				ASSETCATALOG_COMPILER_GLOBAL_ACCENT_COLOR_NAME = AccentColor;
				CODE_SIGN_STYLE = Automatic;
				CURRENT_PROJECT_VERSION = 1;
				DEVELOPMENT_ASSET_PATHS = "\"LionVPN/Application/Preview Content1\"";
				DEVELOPMENT_TEAM = B22MD3V3UZ;
				ENABLE_PREVIEWS = YES;
				GENERATE_INFOPLIST_FILE = YES;
				INFOPLIST_KEY_UIApplicationSceneManifest_Generation = YES;
				INFOPLIST_KEY_UIApplicationSupportsIndirectInputEvents = YES;
				INFOPLIST_KEY_UILaunchScreen_Generation = YES;
				INFOPLIST_KEY_UISupportedInterfaceOrientations_iPad = "UIInterfaceOrientationPortrait UIInterfaceOrientationPortraitUpsideDown UIInterfaceOrientationLandscapeLeft UIInterfaceOrientationLandscapeRight";
				INFOPLIST_KEY_UISupportedInterfaceOrientations_iPhone = "UIInterfaceOrientationPortrait UIInterfaceOrientationLandscapeLeft UIInterfaceOrientationLandscapeRight";
				LD_RUNPATH_SEARCH_PATHS = (
					"$(inherited)",
					"@executable_path/Frameworks",
				);
				MARKETING_VERSION = 1.0;
				PRODUCT_BUNDLE_IDENTIFIER = com.oneinch.LionVPN;
				PRODUCT_NAME = "$(TARGET_NAME)";
				SWIFT_EMIT_LOC_STRINGS = YES;
				SWIFT_VERSION = 5.0;
				TARGETED_DEVICE_FAMILY = "1,2";
			};
			name = Debug;
		};
		8D9092152A6ADBB40017B5F1 /* Release */ = {
			isa = XCBuildConfiguration;
			buildSettings = {
				ASSETCATALOG_COMPILER_APPICON_NAME = AppIcon;
				ASSETCATALOG_COMPILER_GLOBAL_ACCENT_COLOR_NAME = AccentColor;
				CODE_SIGN_STYLE = Automatic;
				CURRENT_PROJECT_VERSION = 1;
				DEVELOPMENT_ASSET_PATHS = "\"LionVPN/Application/Preview Content1\"";
				DEVELOPMENT_TEAM = B22MD3V3UZ;
				ENABLE_PREVIEWS = YES;
				GENERATE_INFOPLIST_FILE = YES;
				INFOPLIST_KEY_UIApplicationSceneManifest_Generation = YES;
				INFOPLIST_KEY_UIApplicationSupportsIndirectInputEvents = YES;
				INFOPLIST_KEY_UILaunchScreen_Generation = YES;
				INFOPLIST_KEY_UISupportedInterfaceOrientations_iPad = "UIInterfaceOrientationPortrait UIInterfaceOrientationPortraitUpsideDown UIInterfaceOrientationLandscapeLeft UIInterfaceOrientationLandscapeRight";
				INFOPLIST_KEY_UISupportedInterfaceOrientations_iPhone = "UIInterfaceOrientationPortrait UIInterfaceOrientationLandscapeLeft UIInterfaceOrientationLandscapeRight";
				LD_RUNPATH_SEARCH_PATHS = (
					"$(inherited)",
					"@executable_path/Frameworks",
				);
				MARKETING_VERSION = 1.0;
				PRODUCT_BUNDLE_IDENTIFIER = com.oneinch.LionVPN;
				PRODUCT_NAME = "$(TARGET_NAME)";
				SWIFT_EMIT_LOC_STRINGS = YES;
				SWIFT_VERSION = 5.0;
				TARGETED_DEVICE_FAMILY = "1,2";
			};
			name = Release;
		};
/* End XCBuildConfiguration section */

/* Begin XCConfigurationList section */
		8D9092002A6ADBB30017B5F1 /* Build configuration list for PBXProject "LionVPN" */ = {
			isa = XCConfigurationList;
			buildConfigurations = (
				8D9092112A6ADBB40017B5F1 /* Debug */,
				8D9092122A6ADBB40017B5F1 /* Release */,
			);
			defaultConfigurationIsVisible = 0;
			defaultConfigurationName = Release;
		};
		8D9092132A6ADBB40017B5F1 /* Build configuration list for PBXNativeTarget "LionVPN" */ = {
			isa = XCConfigurationList;
			buildConfigurations = (
				8D9092142A6ADBB40017B5F1 /* Debug */,
				8D9092152A6ADBB40017B5F1 /* Release */,
			);
			defaultConfigurationIsVisible = 0;
			defaultConfigurationName = Release;
		};
/* End XCConfigurationList section */
	};
	rootObject = 8D9091FD2A6ADBB30017B5F1 /* Project object */;
}
