// !$*UTF8*$!
{
	archiveVersion = 1;
	classes = {
	};
	objectVersion = 56;
	objects = {

/* Begin PBXBuildFile section */
		8D9092092A6ADBB30017B5F1 /* LionVPNApp.swift in Sources */ = {isa = PBXBuildFile; fileRef = 8D9092082A6ADBB30017B5F1 /* LionVPNApp.swift */; };
		8D90920B2A6ADBB30017B5F1 /* ContentView.swift in Sources */ = {isa = PBXBuildFile; fileRef = 8D90920A2A6ADBB30017B5F1 /* ContentView.swift */; };
		8D90920D2A6ADBB40017B5F1 /* Assets.xcassets in Resources */ = {isa = PBXBuildFile; fileRef = 8D90920C2A6ADBB40017B5F1 /* Assets.xcassets */; };
		8D9092102A6ADBB40017B5F1 /* Preview Assets.xcassets in Resources */ = {isa = PBXBuildFile; fileRef = 8D90920F2A6ADBB40017B5F1 /* Preview Assets.xcassets */; };
		DA35B421017BD11070D59530 /* Pods_LionVPN.framework in Frameworks */ = {isa = PBXBuildFile; fileRef = 5D26CF9151EB79D06EBA5A5A /* Pods_LionVPN.framework */; };
/* End PBXBuildFile section */

/* Begin PBXFileReference section */
		5D26CF9151EB79D06EBA5A5A /* Pods_LionVPN.framework */ = {isa = PBXFileReference; explicitFileType = wrapper.framework; includeInIndex = 0; path = Pods_LionVPN.framework; sourceTree = BUILT_PRODUCTS_DIR; };
		8D9092052A6ADBB30017B5F1 /* LionVPN.app */ = {isa = PBXFileReference; explicitFileType = wrapper.application; includeInIndex = 0; path = LionVPN.app; sourceTree = BUILT_PRODUCTS_DIR; };
		8D9092082A6ADBB30017B5F1 /* LionVPNApp.swift */ = {isa = PBXFileReference; lastKnownFileType = sourcecode.swift; path = LionVPNApp.swift; sourceTree = "<group>"; };
		8D90920A2A6ADBB30017B5F1 /* ContentView.swift */ = {isa = PBXFileReference; lastKnownFileType = sourcecode.swift; path = ContentView.swift; sourceTree = "<group>"; };
		8D90920C2A6ADBB40017B5F1 /* Assets.xcassets */ = {isa = PBXFileReference; lastKnownFileType = folder.assetcatalog; path = Assets.xcassets; sourceTree = "<group>"; };
		8D90920F2A6ADBB40017B5F1 /* Preview Assets.xcassets */ = {isa = PBXFileReference; lastKnownFileType = folder.assetcatalog; path = "Preview Assets.xcassets"; sourceTree = "<group>"; };
		9407A294657967DEA53B0330 /* Pods-LionVPN.release.xcconfig */ = {isa = PBXFileReference; includeInIndex = 1; lastKnownFileType = text.xcconfig; name = "Pods-LionVPN.release.xcconfig"; path = "Target Support Files/Pods-LionVPN/Pods-LionVPN.release.xcconfig"; sourceTree = "<group>"; };
		C79BAEE083110EF141B4B36B /* Pods-LionVPN.debug.xcconfig */ = {isa = PBXFileReference; includeInIndex = 1; lastKnownFileType = text.xcconfig; name = "Pods-LionVPN.debug.xcconfig"; path = "Target Support Files/Pods-LionVPN/Pods-LionVPN.debug.xcconfig"; sourceTree = "<group>"; };
/* End PBXFileReference section */

/* Begin PBXFrameworksBuildPhase section */
		8D9092022A6ADBB30017B5F1 /* Frameworks */ = {
			isa = PBXFrameworksBuildPhase;
			buildActionMask = 2147483647;
			files = (
				DA35B421017BD11070D59530 /* Pods_LionVPN.framework in Frameworks */,
			);
			runOnlyForDeploymentPostprocessing = 0;
		};
/* End PBXFrameworksBuildPhase section */

/* Begin PBXGroup section */
		8D9091FC2A6ADBB30017B5F1 = {
			isa = PBXGroup;
			children = (
				8D9092072A6ADBB30017B5F1 /* LionVPN */,
				8D9092062A6ADBB30017B5F1 /* Products */,
				CDF7B89E1157EEC61FACA27E /* Pods */,
				CBD2EE6A08B7887CBD3D398B /* Frameworks */,
			);
			sourceTree = "<group>";
		};
		8D9092062A6ADBB30017B5F1 /* Products */ = {
			isa = PBXGroup;
			children = (
				8D9092052A6ADBB30017B5F1 /* LionVPN.app */,
			);
			name = Products;
			sourceTree = "<group>";
		};
		8D9092072A6ADBB30017B5F1 /* LionVPN */ = {
			isa = PBXGroup;
			children = (
				8DAAE8A92AAF529300BB6F06 /* Application */,
				8DAAE8AB2AAF54D600BB6F06 /* Core */,
				8DAAE8AC2AAF54EE00BB6F06 /* Flows */,
			);
			path = LionVPN;
			sourceTree = "<group>";
		};
		8D90920E2A6ADBB40017B5F1 /* Preview Content */ = {
			isa = PBXGroup;
			children = (
				8D90920F2A6ADBB40017B5F1 /* Preview Assets.xcassets */,
			);
			path = "Preview Content";
			sourceTree = "<group>";
		};
		8DAAE8A92AAF529300BB6F06 /* Application */ = {
			isa = PBXGroup;
			children = (
				8D9092082A6ADBB30017B5F1 /* LionVPNApp.swift */,
				8D90920A2A6ADBB30017B5F1 /* ContentView.swift */,
				8DAAE8AA2AAF53AF00BB6F06 /* Resources */,
			);
			path = Application;
			sourceTree = "<group>";
		};
		8DAAE8AA2AAF53AF00BB6F06 /* Resources */ = {
			isa = PBXGroup;
			children = (
				8D90920C2A6ADBB40017B5F1 /* Assets.xcassets */,
				8D90920E2A6ADBB40017B5F1 /* Preview Content */,
			);
			path = Resources;
			sourceTree = "<group>";
		};
		8DAAE8AB2AAF54D600BB6F06 /* Core */ = {
			isa = PBXGroup;
			children = (
			);
			path = Core;
			sourceTree = "<group>";
		};
		8DAAE8AC2AAF54EE00BB6F06 /* Flows */ = {
			isa = PBXGroup;
			children = (
				8DAAE8AD2AAF569F00BB6F06 /* Onboarding */,
			);
			path = Flows;
			sourceTree = "<group>";
		};
		8DAAE8AD2AAF569F00BB6F06 /* Onboarding */ = {
			isa = PBXGroup;
			children = (
				8DAAE8AE2AAF56BF00BB6F06 /* PresentationLayer */,
				8DAAE8B02AAF570D00BB6F06 /* DomainLayer */,
				8DAAE8AF2AAF56FE00BB6F06 /* DataLayer */,
			);
			path = Onboarding;
			sourceTree = "<group>";
		};
		8DAAE8AE2AAF56BF00BB6F06 /* PresentationLayer */ = {
			isa = PBXGroup;
			children = (
			);
			path = PresentationLayer;
			sourceTree = "<group>";
		};
		8DAAE8AF2AAF56FE00BB6F06 /* DataLayer */ = {
			isa = PBXGroup;
			children = (
			);
			path = DataLayer;
			sourceTree = "<group>";
		};
		8DAAE8B02AAF570D00BB6F06 /* DomainLayer */ = {
			isa = PBXGroup;
			children = (
			);
			path = DomainLayer;
			sourceTree = "<group>";
		};
		CBD2EE6A08B7887CBD3D398B /* Frameworks */ = {
			isa = PBXGroup;
			children = (
				5D26CF9151EB79D06EBA5A5A /* Pods_LionVPN.framework */,
			);
			name = Frameworks;
			sourceTree = "<group>";
		};
		CDF7B89E1157EEC61FACA27E /* Pods */ = {
			isa = PBXGroup;
			children = (
				C79BAEE083110EF141B4B36B /* Pods-LionVPN.debug.xcconfig */,
				9407A294657967DEA53B0330 /* Pods-LionVPN.release.xcconfig */,
			);
			path = Pods;
			sourceTree = "<group>";
		};
/* End PBXGroup section */

/* Begin PBXNativeTarget section */
		8D9092042A6ADBB30017B5F1 /* LionVPN */ = {
			isa = PBXNativeTarget;
			buildConfigurationList = 8D9092132A6ADBB40017B5F1 /* Build configuration list for PBXNativeTarget "LionVPN" */;
			buildPhases = (
				2F0D0E3F4E33360B0B78850B /* [CP] Check Pods Manifest.lock */,
				8D9092012A6ADBB30017B5F1 /* Sources */,
				8D9092022A6ADBB30017B5F1 /* Frameworks */,
				8D9092032A6ADBB30017B5F1 /* Resources */,
				8DF8F6A02A9C850500CA138F /* ShellScript */,
			);
			buildRules = (
			);
			dependencies = (
			);
			name = LionVPN;
			productName = LionVPN;
			productReference = 8D9092052A6ADBB30017B5F1 /* LionVPN.app */;
			productType = "com.apple.product-type.application";
		};
/* End PBXNativeTarget section */

/* Begin PBXProject section */
		8D9091FD2A6ADBB30017B5F1 /* Project object */ = {
			isa = PBXProject;
			attributes = {
				BuildIndependentTargetsInParallel = 1;
				LastSwiftUpdateCheck = 1420;
				LastUpgradeCheck = 1420;
				TargetAttributes = {
					8D9092042A6ADBB30017B5F1 = {
						CreatedOnToolsVersion = 14.2;
					};
				};
			};
			buildConfigurationList = 8D9092002A6ADBB30017B5F1 /* Build configuration list for PBXProject "LionVPN" */;
			compatibilityVersion = "Xcode 14.0";
			developmentRegion = en;
			hasScannedForEncodings = 0;
			knownRegions = (
				en,
				Base,
			);
			mainGroup = 8D9091FC2A6ADBB30017B5F1;
			productRefGroup = 8D9092062A6ADBB30017B5F1 /* Products */;
			projectDirPath = "";
			projectRoot = "";
			targets = (
				8D9092042A6ADBB30017B5F1 /* LionVPN */,
			);
		};
/* End PBXProject section */

/* Begin PBXResourcesBuildPhase section */
		8D9092032A6ADBB30017B5F1 /* Resources */ = {
			isa = PBXResourcesBuildPhase;
			buildActionMask = 2147483647;
			files = (
				8D9092102A6ADBB40017B5F1 /* Preview Assets.xcassets in Resources */,
				8D90920D2A6ADBB40017B5F1 /* Assets.xcassets in Resources */,
			);
			runOnlyForDeploymentPostprocessing = 0;
		};
/* End PBXResourcesBuildPhase section */

/* Begin PBXShellScriptBuildPhase section */
		2F0D0E3F4E33360B0B78850B /* [CP] Check Pods Manifest.lock */ = {
			isa = PBXShellScriptBuildPhase;
			buildActionMask = 2147483647;
			files = (
			);
			inputFileListPaths = (
			);
			inputPaths = (
				"${PODS_PODFILE_DIR_PATH}/Podfile.lock",
				"${PODS_ROOT}/Manifest.lock",
			);
			name = "[CP] Check Pods Manifest.lock";
			outputFileListPaths = (
			);
			outputPaths = (
				"$(DERIVED_FILE_DIR)/Pods-LionVPN-checkManifestLockResult.txt",
			);
			runOnlyForDeploymentPostprocessing = 0;
			shellPath = /bin/sh;
			shellScript = "diff \"${PODS_PODFILE_DIR_PATH}/Podfile.lock\" \"${PODS_ROOT}/Manifest.lock\" > /dev/null\nif [ $? != 0 ] ; then\n    # print error to STDERR\n    echo \"error: The sandbox is not in sync with the Podfile.lock. Run 'pod install' or update your CocoaPods installation.\" >&2\n    exit 1\nfi\n# This output is used by Xcode 'outputs' to avoid re-running this script phase.\necho \"SUCCESS\" > \"${SCRIPT_OUTPUT_FILE_0}\"\n";
			showEnvVarsInLog = 0;
		};
		8DF8F6A02A9C850500CA138F /* ShellScript */ = {
			isa = PBXShellScriptBuildPhase;
			buildActionMask = 2147483647;
			files = (
			);
			inputFileListPaths = (
			);
			inputPaths = (
			);
			outputFileListPaths = (
			);
			outputPaths = (
			);
			runOnlyForDeploymentPostprocessing = 0;
			shellPath = /bin/sh;
			shellScript = "# Type a script or drag a script file from your workspace to insert its path.\nif [[ \"$(uname -m)\" == arm64 ]]; then\n    export PATH=\"/opt/homebrew/bin:$PATH\"\nfi\n\nif which swiftlint > /dev/null; then\n  swiftlint\nelse\n  echo \"warning: SwiftLint not installed, download from https://github.com/realm/SwiftLint\"\nfi\n";
		};
/* End PBXShellScriptBuildPhase section */

/* Begin PBXSourcesBuildPhase section */
		8D9092012A6ADBB30017B5F1 /* Sources */ = {
			isa = PBXSourcesBuildPhase;
			buildActionMask = 2147483647;
			files = (
				8D90920B2A6ADBB30017B5F1 /* ContentView.swift in Sources */,
				8D9092092A6ADBB30017B5F1 /* LionVPNApp.swift in Sources */,
			);
			runOnlyForDeploymentPostprocessing = 0;
		};
/* End PBXSourcesBuildPhase section */

/* Begin XCBuildConfiguration section */
		8D9092112A6ADBB40017B5F1 /* Debug */ = {
			isa = XCBuildConfiguration;
			buildSettings = {
				ALWAYS_SEARCH_USER_PATHS = NO;
				CLANG_ANALYZER_NONNULL = YES;
				CLANG_ANALYZER_NUMBER_OBJECT_CONVERSION = YES_AGGRESSIVE;
				CLANG_CXX_LANGUAGE_STANDARD = "gnu++20";
				CLANG_ENABLE_MODULES = YES;
				CLANG_ENABLE_OBJC_ARC = YES;
				CLANG_ENABLE_OBJC_WEAK = YES;
				CLANG_WARN_BLOCK_CAPTURE_AUTORELEASING = YES;
				CLANG_WARN_BOOL_CONVERSION = YES;
				CLANG_WARN_COMMA = YES;
				CLANG_WARN_CONSTANT_CONVERSION = YES;
				CLANG_WARN_DEPRECATED_OBJC_IMPLEMENTATIONS = YES;
				CLANG_WARN_DIRECT_OBJC_ISA_USAGE = YES_ERROR;
				CLANG_WARN_DOCUMENTATION_COMMENTS = YES;
				CLANG_WARN_EMPTY_BODY = YES;
				CLANG_WARN_ENUM_CONVERSION = YES;
				CLANG_WARN_INFINITE_RECURSION = YES;
				CLANG_WARN_INT_CONVERSION = YES;
				CLANG_WARN_NON_LITERAL_NULL_CONVERSION = YES;
				CLANG_WARN_OBJC_IMPLICIT_RETAIN_SELF = YES;
				CLANG_WARN_OBJC_LITERAL_CONVERSION = YES;
				CLANG_WARN_OBJC_ROOT_CLASS = YES_ERROR;
				CLANG_WARN_QUOTED_INCLUDE_IN_FRAMEWORK_HEADER = YES;
				CLANG_WARN_RANGE_LOOP_ANALYSIS = YES;
				CLANG_WARN_STRICT_PROTOTYPES = YES;
				CLANG_WARN_SUSPICIOUS_MOVE = YES;
				CLANG_WARN_UNGUARDED_AVAILABILITY = YES_AGGRESSIVE;
				CLANG_WARN_UNREACHABLE_CODE = YES;
				CLANG_WARN__DUPLICATE_METHOD_MATCH = YES;
				COPY_PHASE_STRIP = NO;
				DEBUG_INFORMATION_FORMAT = dwarf;
				ENABLE_STRICT_OBJC_MSGSEND = YES;
				ENABLE_TESTABILITY = YES;
				GCC_C_LANGUAGE_STANDARD = gnu11;
				GCC_DYNAMIC_NO_PIC = NO;
				GCC_NO_COMMON_BLOCKS = YES;
				GCC_OPTIMIZATION_LEVEL = 0;
				GCC_PREPROCESSOR_DEFINITIONS = (
					"DEBUG=1",
					"$(inherited)",
				);
				GCC_WARN_64_TO_32_BIT_CONVERSION = YES;
				GCC_WARN_ABOUT_RETURN_TYPE = YES_ERROR;
				GCC_WARN_UNDECLARED_SELECTOR = YES;
				GCC_WARN_UNINITIALIZED_AUTOS = YES_AGGRESSIVE;
				GCC_WARN_UNUSED_FUNCTION = YES;
				GCC_WARN_UNUSED_VARIABLE = YES;
				IPHONEOS_DEPLOYMENT_TARGET = 16.2;
				MTL_ENABLE_DEBUG_INFO = INCLUDE_SOURCE;
				MTL_FAST_MATH = YES;
				ONLY_ACTIVE_ARCH = YES;
				SDKROOT = iphoneos;
				SWIFT_ACTIVE_COMPILATION_CONDITIONS = DEBUG;
				SWIFT_OPTIMIZATION_LEVEL = "-Onone";
			};
			name = Debug;
		};
		8D9092122A6ADBB40017B5F1 /* Release */ = {
			isa = XCBuildConfiguration;
			buildSettings = {
				ALWAYS_SEARCH_USER_PATHS = NO;
				CLANG_ANALYZER_NONNULL = YES;
				CLANG_ANALYZER_NUMBER_OBJECT_CONVERSION = YES_AGGRESSIVE;
				CLANG_CXX_LANGUAGE_STANDARD = "gnu++20";
				CLANG_ENABLE_MODULES = YES;
				CLANG_ENABLE_OBJC_ARC = YES;
				CLANG_ENABLE_OBJC_WEAK = YES;
				CLANG_WARN_BLOCK_CAPTURE_AUTORELEASING = YES;
				CLANG_WARN_BOOL_CONVERSION = YES;
				CLANG_WARN_COMMA = YES;
				CLANG_WARN_CONSTANT_CONVERSION = YES;
				CLANG_WARN_DEPRECATED_OBJC_IMPLEMENTATIONS = YES;
				CLANG_WARN_DIRECT_OBJC_ISA_USAGE = YES_ERROR;
				CLANG_WARN_DOCUMENTATION_COMMENTS = YES;
				CLANG_WARN_EMPTY_BODY = YES;
				CLANG_WARN_ENUM_CONVERSION = YES;
				CLANG_WARN_INFINITE_RECURSION = YES;
				CLANG_WARN_INT_CONVERSION = YES;
				CLANG_WARN_NON_LITERAL_NULL_CONVERSION = YES;
				CLANG_WARN_OBJC_IMPLICIT_RETAIN_SELF = YES;
				CLANG_WARN_OBJC_LITERAL_CONVERSION = YES;
				CLANG_WARN_OBJC_ROOT_CLASS = YES_ERROR;
				CLANG_WARN_QUOTED_INCLUDE_IN_FRAMEWORK_HEADER = YES;
				CLANG_WARN_RANGE_LOOP_ANALYSIS = YES;
				CLANG_WARN_STRICT_PROTOTYPES = YES;
				CLANG_WARN_SUSPICIOUS_MOVE = YES;
				CLANG_WARN_UNGUARDED_AVAILABILITY = YES_AGGRESSIVE;
				CLANG_WARN_UNREACHABLE_CODE = YES;
				CLANG_WARN__DUPLICATE_METHOD_MATCH = YES;
				COPY_PHASE_STRIP = NO;
				DEBUG_INFORMATION_FORMAT = "dwarf-with-dsym";
				ENABLE_NS_ASSERTIONS = NO;
				ENABLE_STRICT_OBJC_MSGSEND = YES;
				GCC_C_LANGUAGE_STANDARD = gnu11;
				GCC_NO_COMMON_BLOCKS = YES;
				GCC_WARN_64_TO_32_BIT_CONVERSION = YES;
				GCC_WARN_ABOUT_RETURN_TYPE = YES_ERROR;
				GCC_WARN_UNDECLARED_SELECTOR = YES;
				GCC_WARN_UNINITIALIZED_AUTOS = YES_AGGRESSIVE;
				GCC_WARN_UNUSED_FUNCTION = YES;
				GCC_WARN_UNUSED_VARIABLE = YES;
				IPHONEOS_DEPLOYMENT_TARGET = 16.2;
				MTL_ENABLE_DEBUG_INFO = NO;
				MTL_FAST_MATH = YES;
				SDKROOT = iphoneos;
				SWIFT_COMPILATION_MODE = wholemodule;
				SWIFT_OPTIMIZATION_LEVEL = "-O";
				VALIDATE_PRODUCT = YES;
			};
			name = Release;
		};
		8D9092142A6ADBB40017B5F1 /* Debug */ = {
			isa = XCBuildConfiguration;
			baseConfigurationReference = C79BAEE083110EF141B4B36B /* Pods-LionVPN.debug.xcconfig */;
			buildSettings = {
				ASSETCATALOG_COMPILER_APPICON_NAME = AppIcon;
				ASSETCATALOG_COMPILER_GLOBAL_ACCENT_COLOR_NAME = AccentColor;
				CODE_SIGN_STYLE = Automatic;
				CURRENT_PROJECT_VERSION = 1;
				DEVELOPMENT_ASSET_PATHS = "\"LionVPN/Application/Resources/Preview Content\"";
				DEVELOPMENT_TEAM = B22MD3V3UZ;
				ENABLE_PREVIEWS = YES;
				GENERATE_INFOPLIST_FILE = YES;
				INFOPLIST_KEY_UIApplicationSceneManifest_Generation = YES;
				INFOPLIST_KEY_UIApplicationSupportsIndirectInputEvents = YES;
				INFOPLIST_KEY_UILaunchScreen_Generation = YES;
				INFOPLIST_KEY_UISupportedInterfaceOrientations_iPad = "UIInterfaceOrientationPortrait UIInterfaceOrientationPortraitUpsideDown UIInterfaceOrientationLandscapeLeft UIInterfaceOrientationLandscapeRight";
				INFOPLIST_KEY_UISupportedInterfaceOrientations_iPhone = "UIInterfaceOrientationPortrait UIInterfaceOrientationLandscapeLeft UIInterfaceOrientationLandscapeRight";
				LD_RUNPATH_SEARCH_PATHS = (
					"$(inherited)",
					"@executable_path/Frameworks",
				);
				MARKETING_VERSION = 1.0;
				PRODUCT_BUNDLE_IDENTIFIER = com.oneinch.LionVPN;
				PRODUCT_NAME = "$(TARGET_NAME)";
				SWIFT_EMIT_LOC_STRINGS = YES;
				SWIFT_VERSION = 5.0;
				TARGETED_DEVICE_FAMILY = "1,2";
			};
			name = Debug;
		};
		8D9092152A6ADBB40017B5F1 /* Release */ = {
			isa = XCBuildConfiguration;
			baseConfigurationReference = 9407A294657967DEA53B0330 /* Pods-LionVPN.release.xcconfig */;
			buildSettings = {
				ASSETCATALOG_COMPILER_APPICON_NAME = AppIcon;
				ASSETCATALOG_COMPILER_GLOBAL_ACCENT_COLOR_NAME = AccentColor;
				CODE_SIGN_STYLE = Automatic;
				CURRENT_PROJECT_VERSION = 1;
				DEVELOPMENT_ASSET_PATHS = "\"LionVPN/Application/Resources/Preview Content\"";
				DEVELOPMENT_TEAM = B22MD3V3UZ;
				ENABLE_PREVIEWS = YES;
				GENERATE_INFOPLIST_FILE = YES;
				INFOPLIST_KEY_UIApplicationSceneManifest_Generation = YES;
				INFOPLIST_KEY_UIApplicationSupportsIndirectInputEvents = YES;
				INFOPLIST_KEY_UILaunchScreen_Generation = YES;
				INFOPLIST_KEY_UISupportedInterfaceOrientations_iPad = "UIInterfaceOrientationPortrait UIInterfaceOrientationPortraitUpsideDown UIInterfaceOrientationLandscapeLeft UIInterfaceOrientationLandscapeRight";
				INFOPLIST_KEY_UISupportedInterfaceOrientations_iPhone = "UIInterfaceOrientationPortrait UIInterfaceOrientationLandscapeLeft UIInterfaceOrientationLandscapeRight";
				LD_RUNPATH_SEARCH_PATHS = (
					"$(inherited)",
					"@executable_path/Frameworks",
				);
				MARKETING_VERSION = 1.0;
				PRODUCT_BUNDLE_IDENTIFIER = com.oneinch.LionVPN;
				PRODUCT_NAME = "$(TARGET_NAME)";
				SWIFT_EMIT_LOC_STRINGS = YES;
				SWIFT_VERSION = 5.0;
				TARGETED_DEVICE_FAMILY = "1,2";
			};
			name = Release;
		};
/* End XCBuildConfiguration section */

/* Begin XCConfigurationList section */
		8D9092002A6ADBB30017B5F1 /* Build configuration list for PBXProject "LionVPN" */ = {
			isa = XCConfigurationList;
			buildConfigurations = (
				8D9092112A6ADBB40017B5F1 /* Debug */,
				8D9092122A6ADBB40017B5F1 /* Release */,
			);
			defaultConfigurationIsVisible = 0;
			defaultConfigurationName = Release;
		};
		8D9092132A6ADBB40017B5F1 /* Build configuration list for PBXNativeTarget "LionVPN" */ = {
			isa = XCConfigurationList;
			buildConfigurations = (
				8D9092142A6ADBB40017B5F1 /* Debug */,
				8D9092152A6ADBB40017B5F1 /* Release */,
			);
			defaultConfigurationIsVisible = 0;
			defaultConfigurationName = Release;
		};
/* End XCConfigurationList section */
	};
	rootObject = 8D9091FD2A6ADBB30017B5F1 /* Project object */;
}
